// !$*UTF8*$!
{
	archiveVersion = 1;
	classes = {
	};
	objectVersion = 46;
	objects = {

/* Begin PBXBuildFile section */
		178BAE6E316CAD1990E70CF2 /* Pods_ObjCTestApp.framework in Frameworks */ = {isa = PBXBuildFile; fileRef = D85FA15D8D814FDF6075B5DB /* Pods_ObjCTestApp.framework */; };
		343A9A080F9C7329E71BCB52 /* Pods_ESNotification_iOSTests.framework in Frameworks */ = {isa = PBXBuildFile; fileRef = 94CC4F394FDA4C6F982B9551 /* Pods_ESNotification_iOSTests.framework */; };
		AB3373D115BB629CB46125EE /* Pods_ESNotification_OSXTests.framework in Frameworks */ = {isa = PBXBuildFile; fileRef = 905E50B34A8714B9C3580F67 /* Pods_ESNotification_OSXTests.framework */; };
		B125EA671B81E61D00714AF9 /* AppDelegate.m in Sources */ = {isa = PBXBuildFile; fileRef = B125EA661B81E61D00714AF9 /* AppDelegate.m */; };
		B125EA6A1B81E61D00714AF9 /* main.m in Sources */ = {isa = PBXBuildFile; fileRef = B125EA691B81E61D00714AF9 /* main.m */; };
		B125EA6D1B81E61D00714AF9 /* ESViewController.m in Sources */ = {isa = PBXBuildFile; fileRef = B125EA6C1B81E61D00714AF9 /* ESViewController.m */; };
		B125EA6F1B81E61D00714AF9 /* Assets.xcassets in Resources */ = {isa = PBXBuildFile; fileRef = B125EA6E1B81E61D00714AF9 /* Assets.xcassets */; };
		B125EA721B81E61D00714AF9 /* Main.storyboard in Resources */ = {isa = PBXBuildFile; fileRef = B125EA701B81E61D00714AF9 /* Main.storyboard */; };
		B125EA791B81E70B00714AF9 /* MyNativeNotification.swift in Sources */ = {isa = PBXBuildFile; fileRef = B125EA781B81E70B00714AF9 /* MyNativeNotification.swift */; };
		B125EA7A1B81E72000714AF9 /* ESNotification.framework in Frameworks */ = {isa = PBXBuildFile; fileRef = B17475BC1B6CD4EB00A86785 /* ESNotification.framework */; };
		B125EA7B1B81E72000714AF9 /* ESNotification.framework in Embed Frameworks */ = {isa = PBXBuildFile; fileRef = B17475BC1B6CD4EB00A86785 /* ESNotification.framework */; settings = {ATTRIBUTES = (CodeSignOnCopy, RemoveHeadersOnCopy, ); }; };
		B12BA0671B7BE0DD001F8080 /* AppDelegate.swift in Sources */ = {isa = PBXBuildFile; fileRef = B12BA0661B7BE0DD001F8080 /* AppDelegate.swift */; };
		B12BA0691B7BE0DD001F8080 /* ViewController.swift in Sources */ = {isa = PBXBuildFile; fileRef = B12BA0681B7BE0DD001F8080 /* ViewController.swift */; };
		B12BA06B1B7BE0DD001F8080 /* Assets.xcassets in Resources */ = {isa = PBXBuildFile; fileRef = B12BA06A1B7BE0DD001F8080 /* Assets.xcassets */; };
		B12BA06E1B7BE0DD001F8080 /* Main.storyboard in Resources */ = {isa = PBXBuildFile; fileRef = B12BA06C1B7BE0DD001F8080 /* Main.storyboard */; };
		B12BA0761B7BE1BE001F8080 /* ModalWindowController.swift in Sources */ = {isa = PBXBuildFile; fileRef = B12BA0751B7BE1BE001F8080 /* ModalWindowController.swift */; };
		B12BA0791B7BE313001F8080 /* ESNotification.framework in Frameworks */ = {isa = PBXBuildFile; fileRef = B17475BC1B6CD4EB00A86785 /* ESNotification.framework */; };
		B12BA07B1B7BE335001F8080 /* ESNotification.framework in Embed Frameworks */ = {isa = PBXBuildFile; fileRef = B17475BC1B6CD4EB00A86785 /* ESNotification.framework */; settings = {ATTRIBUTES = (CodeSignOnCopy, RemoveHeadersOnCopy, ); }; };
		B12BA0801B7BE504001F8080 /* ModalViewController.swift in Sources */ = {isa = PBXBuildFile; fileRef = B12BA07F1B7BE504001F8080 /* ModalViewController.swift */; };
		B12BA0821B7BE587001F8080 /* Notification.swift in Sources */ = {isa = PBXBuildFile; fileRef = B12BA0811B7BE587001F8080 /* Notification.swift */; };
		B12BA0841B7BEB2F001F8080 /* ModalWindow.swift in Sources */ = {isa = PBXBuildFile; fileRef = B12BA0831B7BEB2F001F8080 /* ModalWindow.swift */; };
		B12BA0861B7C0723001F8080 /* NotificationControl_OSX.swift in Sources */ = {isa = PBXBuildFile; fileRef = B12BA0851B7C0723001F8080 /* NotificationControl_OSX.swift */; };
		B12BA0881B7C072E001F8080 /* NotificationControl_iOS.swift in Sources */ = {isa = PBXBuildFile; fileRef = B12BA0871B7C072E001F8080 /* NotificationControl_iOS.swift */; };
		B142EB461BC80F9800EF9A98 /* NotificationBox.swift in Sources */ = {isa = PBXBuildFile; fileRef = B142EB451BC80F9800EF9A98 /* NotificationBox.swift */; settings = {ASSET_TAGS = (); }; };
		B142EB471BC80F9800EF9A98 /* NotificationBox.swift in Sources */ = {isa = PBXBuildFile; fileRef = B142EB451BC80F9800EF9A98 /* NotificationBox.swift */; settings = {ASSET_TAGS = (); }; };
		B14B4E511BCF25FA007D5DE6 /* NotificationPost.swift in Sources */ = {isa = PBXBuildFile; fileRef = B14B4E501BCF25FA007D5DE6 /* NotificationPost.swift */; settings = {ASSET_TAGS = (); }; };
		B14B4E521BCF25FA007D5DE6 /* NotificationPost.swift in Sources */ = {isa = PBXBuildFile; fileRef = B14B4E501BCF25FA007D5DE6 /* NotificationPost.swift */; settings = {ASSET_TAGS = (); }; };
		B14B4E541BCF2605007D5DE6 /* NotificationObserve.swift in Sources */ = {isa = PBXBuildFile; fileRef = B14B4E531BCF2605007D5DE6 /* NotificationObserve.swift */; settings = {ASSET_TAGS = (); }; };
		B14B4E551BCF2605007D5DE6 /* NotificationObserve.swift in Sources */ = {isa = PBXBuildFile; fileRef = B14B4E531BCF2605007D5DE6 /* NotificationObserve.swift */; settings = {ASSET_TAGS = (); }; };
		B17475A31B6CD4DE00A86785 /* ESNotification_iOS.h in Headers */ = {isa = PBXBuildFile; fileRef = B17475A21B6CD4DE00A86785 /* ESNotification_iOS.h */; settings = {ATTRIBUTES = (Public, ); }; };
		B17475AA1B6CD4DE00A86785 /* ESNotification.framework in Frameworks */ = {isa = PBXBuildFile; fileRef = B17475A01B6CD4DE00A86785 /* ESNotification.framework */; };
		B17475BF1B6CD4EB00A86785 /* ESNotification_OSX.h in Headers */ = {isa = PBXBuildFile; fileRef = B17475BE1B6CD4EB00A86785 /* ESNotification_OSX.h */; settings = {ATTRIBUTES = (Public, ); }; };
		B17475C61B6CD4EB00A86785 /* ESNotification.framework in Frameworks */ = {isa = PBXBuildFile; fileRef = B17475BC1B6CD4EB00A86785 /* ESNotification.framework */; };
		B17475E81B6CE0D500A86785 /* Notification.swift in Sources */ = {isa = PBXBuildFile; fileRef = B17475E01B6CE0D500A86785 /* Notification.swift */; };
		B17475E91B6CE0D500A86785 /* Notification.swift in Sources */ = {isa = PBXBuildFile; fileRef = B17475E01B6CE0D500A86785 /* Notification.swift */; };
		B17475EA1B6CE0D500A86785 /* NotificationControl.swift in Sources */ = {isa = PBXBuildFile; fileRef = B17475E11B6CE0D500A86785 /* NotificationControl.swift */; };
		B17475EB1B6CE0D500A86785 /* NotificationControl.swift in Sources */ = {isa = PBXBuildFile; fileRef = B17475E11B6CE0D500A86785 /* NotificationControl.swift */; };
		B17475EC1B6CE0D500A86785 /* NotificationManager.swift in Sources */ = {isa = PBXBuildFile; fileRef = B17475E21B6CE0D500A86785 /* NotificationManager.swift */; };
		B17475ED1B6CE0D500A86785 /* NotificationManager.swift in Sources */ = {isa = PBXBuildFile; fileRef = B17475E21B6CE0D500A86785 /* NotificationManager.swift */; };
		B17475EE1B6CE0D500A86785 /* NamedNotification.swift in Sources */ = {isa = PBXBuildFile; fileRef = B17475E31B6CE0D500A86785 /* NamedNotification.swift */; };
		B17475EF1B6CE0D500A86785 /* NamedNotification.swift in Sources */ = {isa = PBXBuildFile; fileRef = B17475E31B6CE0D500A86785 /* NamedNotification.swift */; };
		B17475F01B6CE0D500A86785 /* AnyNotification.swift in Sources */ = {isa = PBXBuildFile; fileRef = B17475E41B6CE0D500A86785 /* AnyNotification.swift */; };
		B17475F11B6CE0D500A86785 /* AnyNotification.swift in Sources */ = {isa = PBXBuildFile; fileRef = B17475E41B6CE0D500A86785 /* AnyNotification.swift */; };
		B17475F21B6CE0D500A86785 /* RawNotificationConvertible.swift in Sources */ = {isa = PBXBuildFile; fileRef = B17475E51B6CE0D500A86785 /* RawNotificationConvertible.swift */; };
		B17475F31B6CE0D500A86785 /* RawNotificationConvertible.swift in Sources */ = {isa = PBXBuildFile; fileRef = B17475E51B6CE0D500A86785 /* RawNotificationConvertible.swift */; };
		B17475F61B6CE11200A86785 /* NotificationTests.swift in Sources */ = {isa = PBXBuildFile; fileRef = B17475F51B6CE11200A86785 /* NotificationTests.swift */; };
		B17475F71B6CE11200A86785 /* NotificationTests.swift in Sources */ = {isa = PBXBuildFile; fileRef = B17475F51B6CE11200A86785 /* NotificationTests.swift */; };
		B1F2FE6B1BCF30AD00DE716D /* Deprecated.swift in Sources */ = {isa = PBXBuildFile; fileRef = B1F2FE6A1BCF30AD00DE716D /* Deprecated.swift */; settings = {ASSET_TAGS = (); }; };
		B1F2FE6C1BCF30AD00DE716D /* Deprecated.swift in Sources */ = {isa = PBXBuildFile; fileRef = B1F2FE6A1BCF30AD00DE716D /* Deprecated.swift */; settings = {ASSET_TAGS = (); }; };
		C8F822083B65523B72E837B0 /* Pods_RunModalTestApp.framework in Frameworks */ = {isa = PBXBuildFile; fileRef = DE62C38B0D23D1E3CFE0B2F2 /* Pods_RunModalTestApp.framework */; };
		DA4177733F8741AACC0E09FD /* Pods_ESNotification_iOS.framework in Frameworks */ = {isa = PBXBuildFile; fileRef = BD38000B9128AF3843B606EA /* Pods_ESNotification_iOS.framework */; };
		E6CD40E556A62094744B1512 /* Pods_ESNotification_OSX.framework in Frameworks */ = {isa = PBXBuildFile; fileRef = C90ECBF946957FD1DEBF1072 /* Pods_ESNotification_OSX.framework */; };
/* End PBXBuildFile section */

/* Begin PBXContainerItemProxy section */
		B125EA7C1B81E72000714AF9 /* PBXContainerItemProxy */ = {
			isa = PBXContainerItemProxy;
			containerPortal = B174755C1B6CD4A500A86785 /* Project object */;
			proxyType = 1;
			remoteGlobalIDString = B17475BB1B6CD4EB00A86785;
			remoteInfo = ESNotification_OSX;
		};
		B12BA07C1B7BE335001F8080 /* PBXContainerItemProxy */ = {
			isa = PBXContainerItemProxy;
			containerPortal = B174755C1B6CD4A500A86785 /* Project object */;
			proxyType = 1;
			remoteGlobalIDString = B17475BB1B6CD4EB00A86785;
			remoteInfo = ESNotification_OSX;
		};
		B17475AB1B6CD4DE00A86785 /* PBXContainerItemProxy */ = {
			isa = PBXContainerItemProxy;
			containerPortal = B174755C1B6CD4A500A86785 /* Project object */;
			proxyType = 1;
			remoteGlobalIDString = B174759F1B6CD4DE00A86785;
			remoteInfo = ESNotification_iOS;
		};
		B17475C71B6CD4EB00A86785 /* PBXContainerItemProxy */ = {
			isa = PBXContainerItemProxy;
			containerPortal = B174755C1B6CD4A500A86785 /* Project object */;
			proxyType = 1;
			remoteGlobalIDString = B17475BB1B6CD4EB00A86785;
			remoteInfo = ESNotification_OSX;
		};
/* End PBXContainerItemProxy section */

/* Begin PBXCopyFilesBuildPhase section */
		B125EA7E1B81E72000714AF9 /* Embed Frameworks */ = {
			isa = PBXCopyFilesBuildPhase;
			buildActionMask = 2147483647;
			dstPath = "";
			dstSubfolderSpec = 10;
			files = (
				B125EA7B1B81E72000714AF9 /* ESNotification.framework in Embed Frameworks */,
			);
			name = "Embed Frameworks";
			runOnlyForDeploymentPostprocessing = 0;
		};
		B12BA07E1B7BE336001F8080 /* Embed Frameworks */ = {
			isa = PBXCopyFilesBuildPhase;
			buildActionMask = 2147483647;
			dstPath = "";
			dstSubfolderSpec = 10;
			files = (
				B12BA07B1B7BE335001F8080 /* ESNotification.framework in Embed Frameworks */,
			);
			name = "Embed Frameworks";
			runOnlyForDeploymentPostprocessing = 0;
		};
/* End PBXCopyFilesBuildPhase section */

/* Begin PBXFileReference section */
		08599E89B6F81AB8EE375CB7 /* Pods-ESNotification_iOSTests.debug.xcconfig */ = {isa = PBXFileReference; includeInIndex = 1; lastKnownFileType = text.xcconfig; name = "Pods-ESNotification_iOSTests.debug.xcconfig"; path = "Pods/Target Support Files/Pods-ESNotification_iOSTests/Pods-ESNotification_iOSTests.debug.xcconfig"; sourceTree = "<group>"; };
		0E75ADA5C13DF748C994DCA4 /* Pods-RunModalTestApp.debug.xcconfig */ = {isa = PBXFileReference; includeInIndex = 1; lastKnownFileType = text.xcconfig; name = "Pods-RunModalTestApp.debug.xcconfig"; path = "Pods/Target Support Files/Pods-RunModalTestApp/Pods-RunModalTestApp.debug.xcconfig"; sourceTree = "<group>"; };
		1D438E63263B9A68693E15AA /* Pods-ESNotification_OSXTests.debug.xcconfig */ = {isa = PBXFileReference; includeInIndex = 1; lastKnownFileType = text.xcconfig; name = "Pods-ESNotification_OSXTests.debug.xcconfig"; path = "Pods/Target Support Files/Pods-ESNotification_OSXTests/Pods-ESNotification_OSXTests.debug.xcconfig"; sourceTree = "<group>"; };
		3019E78420CB833E27358A53 /* Pods-ESNotification_iOS.release.xcconfig */ = {isa = PBXFileReference; includeInIndex = 1; lastKnownFileType = text.xcconfig; name = "Pods-ESNotification_iOS.release.xcconfig"; path = "Pods/Target Support Files/Pods-ESNotification_iOS/Pods-ESNotification_iOS.release.xcconfig"; sourceTree = "<group>"; };
		30FAB848E9645FDCA427653B /* Pods-ESNotification_iOS.debug.xcconfig */ = {isa = PBXFileReference; includeInIndex = 1; lastKnownFileType = text.xcconfig; name = "Pods-ESNotification_iOS.debug.xcconfig"; path = "Pods/Target Support Files/Pods-ESNotification_iOS/Pods-ESNotification_iOS.debug.xcconfig"; sourceTree = "<group>"; };
		4565CA18A7315FAE2A6E61E2 /* Pods-ESNotification_OSXTests.release.xcconfig */ = {isa = PBXFileReference; includeInIndex = 1; lastKnownFileType = text.xcconfig; name = "Pods-ESNotification_OSXTests.release.xcconfig"; path = "Pods/Target Support Files/Pods-ESNotification_OSXTests/Pods-ESNotification_OSXTests.release.xcconfig"; sourceTree = "<group>"; };
		5533CF9D94848F3539FF9D05 /* Pods-ESNotification_iOSTests.release.xcconfig */ = {isa = PBXFileReference; includeInIndex = 1; lastKnownFileType = text.xcconfig; name = "Pods-ESNotification_iOSTests.release.xcconfig"; path = "Pods/Target Support Files/Pods-ESNotification_iOSTests/Pods-ESNotification_iOSTests.release.xcconfig"; sourceTree = "<group>"; };
		5E11C196E1ABA7BFB8B9E20F /* Pods-ObjCTestApp.debug.xcconfig */ = {isa = PBXFileReference; includeInIndex = 1; lastKnownFileType = text.xcconfig; name = "Pods-ObjCTestApp.debug.xcconfig"; path = "Pods/Target Support Files/Pods-ObjCTestApp/Pods-ObjCTestApp.debug.xcconfig"; sourceTree = "<group>"; };
		7132ACFF95924D2451FF3898 /* Pods-ESNotification_OSX.debug.xcconfig */ = {isa = PBXFileReference; includeInIndex = 1; lastKnownFileType = text.xcconfig; name = "Pods-ESNotification_OSX.debug.xcconfig"; path = "Pods/Target Support Files/Pods-ESNotification_OSX/Pods-ESNotification_OSX.debug.xcconfig"; sourceTree = "<group>"; };
		719D97CE24E073D9BEB237DF /* Pods-ObjCTestApp.release.xcconfig */ = {isa = PBXFileReference; includeInIndex = 1; lastKnownFileType = text.xcconfig; name = "Pods-ObjCTestApp.release.xcconfig"; path = "Pods/Target Support Files/Pods-ObjCTestApp/Pods-ObjCTestApp.release.xcconfig"; sourceTree = "<group>"; };
		905E50B34A8714B9C3580F67 /* Pods_ESNotification_OSXTests.framework */ = {isa = PBXFileReference; explicitFileType = wrapper.framework; includeInIndex = 0; path = Pods_ESNotification_OSXTests.framework; sourceTree = BUILT_PRODUCTS_DIR; };
		94CC4F394FDA4C6F982B9551 /* Pods_ESNotification_iOSTests.framework */ = {isa = PBXFileReference; explicitFileType = wrapper.framework; includeInIndex = 0; path = Pods_ESNotification_iOSTests.framework; sourceTree = BUILT_PRODUCTS_DIR; };
		9ED0AC1A97F60B8A36918B54 /* Pods-RunModalTestApp.release.xcconfig */ = {isa = PBXFileReference; includeInIndex = 1; lastKnownFileType = text.xcconfig; name = "Pods-RunModalTestApp.release.xcconfig"; path = "Pods/Target Support Files/Pods-RunModalTestApp/Pods-RunModalTestApp.release.xcconfig"; sourceTree = "<group>"; };
		B125EA631B81E61D00714AF9 /* ObjCTestApp.app */ = {isa = PBXFileReference; explicitFileType = wrapper.application; includeInIndex = 0; path = ObjCTestApp.app; sourceTree = BUILT_PRODUCTS_DIR; };
		B125EA651B81E61D00714AF9 /* AppDelegate.h */ = {isa = PBXFileReference; lastKnownFileType = sourcecode.c.h; path = AppDelegate.h; sourceTree = "<group>"; };
		B125EA661B81E61D00714AF9 /* AppDelegate.m */ = {isa = PBXFileReference; lastKnownFileType = sourcecode.c.objc; path = AppDelegate.m; sourceTree = "<group>"; };
		B125EA691B81E61D00714AF9 /* main.m */ = {isa = PBXFileReference; lastKnownFileType = sourcecode.c.objc; path = main.m; sourceTree = "<group>"; };
		B125EA6B1B81E61D00714AF9 /* ESViewController.h */ = {isa = PBXFileReference; lastKnownFileType = sourcecode.c.h; path = ESViewController.h; sourceTree = "<group>"; };
		B125EA6C1B81E61D00714AF9 /* ESViewController.m */ = {isa = PBXFileReference; lastKnownFileType = sourcecode.c.objc; path = ESViewController.m; sourceTree = "<group>"; };
		B125EA6E1B81E61D00714AF9 /* Assets.xcassets */ = {isa = PBXFileReference; lastKnownFileType = folder.assetcatalog; path = Assets.xcassets; sourceTree = "<group>"; };
		B125EA711B81E61D00714AF9 /* Base */ = {isa = PBXFileReference; lastKnownFileType = file.storyboard; name = Base; path = Base.lproj/Main.storyboard; sourceTree = "<group>"; };
		B125EA731B81E61D00714AF9 /* Info.plist */ = {isa = PBXFileReference; lastKnownFileType = text.plist.xml; path = Info.plist; sourceTree = "<group>"; };
		B125EA771B81E70A00714AF9 /* ObjCTestApp-Bridging-Header.h */ = {isa = PBXFileReference; lastKnownFileType = sourcecode.c.h; path = "ObjCTestApp-Bridging-Header.h"; sourceTree = "<group>"; };
		B125EA781B81E70B00714AF9 /* MyNativeNotification.swift */ = {isa = PBXFileReference; fileEncoding = 4; lastKnownFileType = sourcecode.swift; path = MyNativeNotification.swift; sourceTree = "<group>"; };
		B12BA0641B7BE0DD001F8080 /* RunModalTestApp.app */ = {isa = PBXFileReference; explicitFileType = wrapper.application; includeInIndex = 0; path = RunModalTestApp.app; sourceTree = BUILT_PRODUCTS_DIR; };
		B12BA0661B7BE0DD001F8080 /* AppDelegate.swift */ = {isa = PBXFileReference; lastKnownFileType = sourcecode.swift; path = AppDelegate.swift; sourceTree = "<group>"; };
		B12BA0681B7BE0DD001F8080 /* ViewController.swift */ = {isa = PBXFileReference; lastKnownFileType = sourcecode.swift; path = ViewController.swift; sourceTree = "<group>"; };
		B12BA06A1B7BE0DD001F8080 /* Assets.xcassets */ = {isa = PBXFileReference; lastKnownFileType = folder.assetcatalog; path = Assets.xcassets; sourceTree = "<group>"; };
		B12BA06D1B7BE0DD001F8080 /* Base */ = {isa = PBXFileReference; lastKnownFileType = file.storyboard; name = Base; path = Base.lproj/Main.storyboard; sourceTree = "<group>"; };
		B12BA06F1B7BE0DD001F8080 /* Info.plist */ = {isa = PBXFileReference; lastKnownFileType = text.plist.xml; path = Info.plist; sourceTree = "<group>"; };
		B12BA0751B7BE1BE001F8080 /* ModalWindowController.swift */ = {isa = PBXFileReference; fileEncoding = 4; lastKnownFileType = sourcecode.swift; path = ModalWindowController.swift; sourceTree = "<group>"; };
		B12BA07F1B7BE504001F8080 /* ModalViewController.swift */ = {isa = PBXFileReference; fileEncoding = 4; lastKnownFileType = sourcecode.swift; path = ModalViewController.swift; sourceTree = "<group>"; };
		B12BA0811B7BE587001F8080 /* Notification.swift */ = {isa = PBXFileReference; fileEncoding = 4; lastKnownFileType = sourcecode.swift; path = Notification.swift; sourceTree = "<group>"; };
		B12BA0831B7BEB2F001F8080 /* ModalWindow.swift */ = {isa = PBXFileReference; fileEncoding = 4; lastKnownFileType = sourcecode.swift; path = ModalWindow.swift; sourceTree = "<group>"; };
		B12BA0851B7C0723001F8080 /* NotificationControl_OSX.swift */ = {isa = PBXFileReference; fileEncoding = 4; lastKnownFileType = sourcecode.swift; path = NotificationControl_OSX.swift; sourceTree = "<group>"; };
		B12BA0871B7C072E001F8080 /* NotificationControl_iOS.swift */ = {isa = PBXFileReference; fileEncoding = 4; lastKnownFileType = sourcecode.swift; path = NotificationControl_iOS.swift; sourceTree = "<group>"; };
		B142EB451BC80F9800EF9A98 /* NotificationBox.swift */ = {isa = PBXFileReference; fileEncoding = 4; lastKnownFileType = sourcecode.swift; path = NotificationBox.swift; sourceTree = "<group>"; };
		B14B4E501BCF25FA007D5DE6 /* NotificationPost.swift */ = {isa = PBXFileReference; fileEncoding = 4; lastKnownFileType = sourcecode.swift; path = NotificationPost.swift; sourceTree = "<group>"; };
		B14B4E531BCF2605007D5DE6 /* NotificationObserve.swift */ = {isa = PBXFileReference; fileEncoding = 4; lastKnownFileType = sourcecode.swift; path = NotificationObserve.swift; sourceTree = "<group>"; };
		B17475A01B6CD4DE00A86785 /* ESNotification.framework */ = {isa = PBXFileReference; explicitFileType = wrapper.framework; includeInIndex = 0; path = ESNotification.framework; sourceTree = BUILT_PRODUCTS_DIR; };
		B17475A21B6CD4DE00A86785 /* ESNotification_iOS.h */ = {isa = PBXFileReference; lastKnownFileType = sourcecode.c.h; path = ESNotification_iOS.h; sourceTree = "<group>"; };
		B17475A41B6CD4DE00A86785 /* Info.plist */ = {isa = PBXFileReference; lastKnownFileType = text.plist.xml; path = Info.plist; sourceTree = "<group>"; };
		B17475A91B6CD4DE00A86785 /* ESNotification_iOSTests.xctest */ = {isa = PBXFileReference; explicitFileType = wrapper.cfbundle; includeInIndex = 0; path = ESNotification_iOSTests.xctest; sourceTree = BUILT_PRODUCTS_DIR; };
		B17475B01B6CD4DE00A86785 /* Info.plist */ = {isa = PBXFileReference; lastKnownFileType = text.plist.xml; path = Info.plist; sourceTree = "<group>"; };
		B17475BC1B6CD4EB00A86785 /* ESNotification.framework */ = {isa = PBXFileReference; explicitFileType = wrapper.framework; includeInIndex = 0; path = ESNotification.framework; sourceTree = BUILT_PRODUCTS_DIR; };
		B17475BE1B6CD4EB00A86785 /* ESNotification_OSX.h */ = {isa = PBXFileReference; lastKnownFileType = sourcecode.c.h; path = ESNotification_OSX.h; sourceTree = "<group>"; };
		B17475C01B6CD4EB00A86785 /* Info.plist */ = {isa = PBXFileReference; lastKnownFileType = text.plist.xml; path = Info.plist; sourceTree = "<group>"; };
		B17475C51B6CD4EB00A86785 /* ESNotification_OSXTests.xctest */ = {isa = PBXFileReference; explicitFileType = wrapper.cfbundle; includeInIndex = 0; path = ESNotification_OSXTests.xctest; sourceTree = BUILT_PRODUCTS_DIR; };
		B17475CC1B6CD4EB00A86785 /* Info.plist */ = {isa = PBXFileReference; lastKnownFileType = text.plist.xml; path = Info.plist; sourceTree = "<group>"; };
		B17475E01B6CE0D500A86785 /* Notification.swift */ = {isa = PBXFileReference; fileEncoding = 4; lastKnownFileType = sourcecode.swift; path = Notification.swift; sourceTree = "<group>"; };
		B17475E11B6CE0D500A86785 /* NotificationControl.swift */ = {isa = PBXFileReference; fileEncoding = 4; lastKnownFileType = sourcecode.swift; path = NotificationControl.swift; sourceTree = "<group>"; };
		B17475E21B6CE0D500A86785 /* NotificationManager.swift */ = {isa = PBXFileReference; fileEncoding = 4; lastKnownFileType = sourcecode.swift; path = NotificationManager.swift; sourceTree = "<group>"; };
		B17475E31B6CE0D500A86785 /* NamedNotification.swift */ = {isa = PBXFileReference; fileEncoding = 4; lastKnownFileType = sourcecode.swift; path = NamedNotification.swift; sourceTree = "<group>"; };
		B17475E41B6CE0D500A86785 /* AnyNotification.swift */ = {isa = PBXFileReference; fileEncoding = 4; lastKnownFileType = sourcecode.swift; path = AnyNotification.swift; sourceTree = "<group>"; };
		B17475E51B6CE0D500A86785 /* RawNotificationConvertible.swift */ = {isa = PBXFileReference; fileEncoding = 4; lastKnownFileType = sourcecode.swift; path = RawNotificationConvertible.swift; sourceTree = "<group>"; };
		B17475F41B6CE0EB00A86785 /* README.md */ = {isa = PBXFileReference; lastKnownFileType = net.daringfireball.markdown; path = README.md; sourceTree = "<group>"; };
		B17475F51B6CE11200A86785 /* NotificationTests.swift */ = {isa = PBXFileReference; fileEncoding = 4; lastKnownFileType = sourcecode.swift; path = NotificationTests.swift; sourceTree = "<group>"; };
		B17475F81B6CE16100A86785 /* Podfile */ = {isa = PBXFileReference; lastKnownFileType = text; path = Podfile; sourceTree = "<group>"; xcLanguageSpecificationIdentifier = xcode.lang.ruby; };
		B1E89A791B745F310062E12E /* ESNotification.podspec */ = {isa = PBXFileReference; lastKnownFileType = text; path = ESNotification.podspec; sourceTree = "<group>"; };
		B1E89A7A1B745F5F0062E12E /* LICENSE */ = {isa = PBXFileReference; lastKnownFileType = text; path = LICENSE; sourceTree = "<group>"; };
		B1F2FE6A1BCF30AD00DE716D /* Deprecated.swift */ = {isa = PBXFileReference; fileEncoding = 4; lastKnownFileType = sourcecode.swift; path = Deprecated.swift; sourceTree = "<group>"; };
		BD38000B9128AF3843B606EA /* Pods_ESNotification_iOS.framework */ = {isa = PBXFileReference; explicitFileType = wrapper.framework; includeInIndex = 0; path = Pods_ESNotification_iOS.framework; sourceTree = BUILT_PRODUCTS_DIR; };
		C90ECBF946957FD1DEBF1072 /* Pods_ESNotification_OSX.framework */ = {isa = PBXFileReference; explicitFileType = wrapper.framework; includeInIndex = 0; path = Pods_ESNotification_OSX.framework; sourceTree = BUILT_PRODUCTS_DIR; };
		D85FA15D8D814FDF6075B5DB /* Pods_ObjCTestApp.framework */ = {isa = PBXFileReference; explicitFileType = wrapper.framework; includeInIndex = 0; path = Pods_ObjCTestApp.framework; sourceTree = BUILT_PRODUCTS_DIR; };
		DE62C38B0D23D1E3CFE0B2F2 /* Pods_RunModalTestApp.framework */ = {isa = PBXFileReference; explicitFileType = wrapper.framework; includeInIndex = 0; path = Pods_RunModalTestApp.framework; sourceTree = BUILT_PRODUCTS_DIR; };
		F3F5EEE9FEE59F10E3873CAC /* Pods-ESNotification_OSX.release.xcconfig */ = {isa = PBXFileReference; includeInIndex = 1; lastKnownFileType = text.xcconfig; name = "Pods-ESNotification_OSX.release.xcconfig"; path = "Pods/Target Support Files/Pods-ESNotification_OSX/Pods-ESNotification_OSX.release.xcconfig"; sourceTree = "<group>"; };
/* End PBXFileReference section */

/* Begin PBXFrameworksBuildPhase section */
		B125EA601B81E61D00714AF9 /* Frameworks */ = {
			isa = PBXFrameworksBuildPhase;
			buildActionMask = 2147483647;
			files = (
				178BAE6E316CAD1990E70CF2 /* Pods_ObjCTestApp.framework in Frameworks */,
				B125EA7A1B81E72000714AF9 /* ESNotification.framework in Frameworks */,
			);
			runOnlyForDeploymentPostprocessing = 0;
		};
		B12BA0611B7BE0DD001F8080 /* Frameworks */ = {
			isa = PBXFrameworksBuildPhase;
			buildActionMask = 2147483647;
			files = (
				B12BA0791B7BE313001F8080 /* ESNotification.framework in Frameworks */,
				C8F822083B65523B72E837B0 /* Pods_RunModalTestApp.framework in Frameworks */,
			);
			runOnlyForDeploymentPostprocessing = 0;
		};
		B174759C1B6CD4DE00A86785 /* Frameworks */ = {
			isa = PBXFrameworksBuildPhase;
			buildActionMask = 2147483647;
			files = (
				DA4177733F8741AACC0E09FD /* Pods_ESNotification_iOS.framework in Frameworks */,
			);
			runOnlyForDeploymentPostprocessing = 0;
		};
		B17475A61B6CD4DE00A86785 /* Frameworks */ = {
			isa = PBXFrameworksBuildPhase;
			buildActionMask = 2147483647;
			files = (
				B17475AA1B6CD4DE00A86785 /* ESNotification.framework in Frameworks */,
				343A9A080F9C7329E71BCB52 /* Pods_ESNotification_iOSTests.framework in Frameworks */,
			);
			runOnlyForDeploymentPostprocessing = 0;
		};
		B17475B81B6CD4EB00A86785 /* Frameworks */ = {
			isa = PBXFrameworksBuildPhase;
			buildActionMask = 2147483647;
			files = (
				E6CD40E556A62094744B1512 /* Pods_ESNotification_OSX.framework in Frameworks */,
			);
			runOnlyForDeploymentPostprocessing = 0;
		};
		B17475C21B6CD4EB00A86785 /* Frameworks */ = {
			isa = PBXFrameworksBuildPhase;
			buildActionMask = 2147483647;
			files = (
				B17475C61B6CD4EB00A86785 /* ESNotification.framework in Frameworks */,
				AB3373D115BB629CB46125EE /* Pods_ESNotification_OSXTests.framework in Frameworks */,
			);
			runOnlyForDeploymentPostprocessing = 0;
		};
/* End PBXFrameworksBuildPhase section */

/* Begin PBXGroup section */
		231D6053F4AABA988815BC2A /* Frameworks */ = {
			isa = PBXGroup;
			children = (
				C90ECBF946957FD1DEBF1072 /* Pods_ESNotification_OSX.framework */,
				905E50B34A8714B9C3580F67 /* Pods_ESNotification_OSXTests.framework */,
				BD38000B9128AF3843B606EA /* Pods_ESNotification_iOS.framework */,
				94CC4F394FDA4C6F982B9551 /* Pods_ESNotification_iOSTests.framework */,
				DE62C38B0D23D1E3CFE0B2F2 /* Pods_RunModalTestApp.framework */,
				D85FA15D8D814FDF6075B5DB /* Pods_ObjCTestApp.framework */,
			);
			name = Frameworks;
			sourceTree = "<group>";
		};
		2D12B598E411EF0DA6582D29 /* Pods */ = {
			isa = PBXGroup;
			children = (
				7132ACFF95924D2451FF3898 /* Pods-ESNotification_OSX.debug.xcconfig */,
				F3F5EEE9FEE59F10E3873CAC /* Pods-ESNotification_OSX.release.xcconfig */,
				1D438E63263B9A68693E15AA /* Pods-ESNotification_OSXTests.debug.xcconfig */,
				4565CA18A7315FAE2A6E61E2 /* Pods-ESNotification_OSXTests.release.xcconfig */,
				30FAB848E9645FDCA427653B /* Pods-ESNotification_iOS.debug.xcconfig */,
				3019E78420CB833E27358A53 /* Pods-ESNotification_iOS.release.xcconfig */,
				08599E89B6F81AB8EE375CB7 /* Pods-ESNotification_iOSTests.debug.xcconfig */,
				5533CF9D94848F3539FF9D05 /* Pods-ESNotification_iOSTests.release.xcconfig */,
				0E75ADA5C13DF748C994DCA4 /* Pods-RunModalTestApp.debug.xcconfig */,
				9ED0AC1A97F60B8A36918B54 /* Pods-RunModalTestApp.release.xcconfig */,
				5E11C196E1ABA7BFB8B9E20F /* Pods-ObjCTestApp.debug.xcconfig */,
				719D97CE24E073D9BEB237DF /* Pods-ObjCTestApp.release.xcconfig */,
			);
			name = Pods;
			sourceTree = "<group>";
		};
		B125EA641B81E61D00714AF9 /* ObjCTestApp */ = {
			isa = PBXGroup;
			children = (
				B125EA651B81E61D00714AF9 /* AppDelegate.h */,
				B125EA661B81E61D00714AF9 /* AppDelegate.m */,
				B125EA6B1B81E61D00714AF9 /* ESViewController.h */,
				B125EA6C1B81E61D00714AF9 /* ESViewController.m */,
				B125EA781B81E70B00714AF9 /* MyNativeNotification.swift */,
				B125EA6E1B81E61D00714AF9 /* Assets.xcassets */,
				B125EA701B81E61D00714AF9 /* Main.storyboard */,
				B125EA731B81E61D00714AF9 /* Info.plist */,
				B125EA681B81E61D00714AF9 /* Supporting Files */,
				B125EA771B81E70A00714AF9 /* ObjCTestApp-Bridging-Header.h */,
			);
			path = ObjCTestApp;
			sourceTree = "<group>";
		};
		B125EA681B81E61D00714AF9 /* Supporting Files */ = {
			isa = PBXGroup;
			children = (
				B125EA691B81E61D00714AF9 /* main.m */,
			);
			name = "Supporting Files";
			sourceTree = "<group>";
		};
		B12BA0651B7BE0DD001F8080 /* RunModalTestApp */ = {
			isa = PBXGroup;
			children = (
				B12BA0661B7BE0DD001F8080 /* AppDelegate.swift */,
				B12BA0681B7BE0DD001F8080 /* ViewController.swift */,
				B12BA0751B7BE1BE001F8080 /* ModalWindowController.swift */,
				B12BA07F1B7BE504001F8080 /* ModalViewController.swift */,
				B12BA0831B7BEB2F001F8080 /* ModalWindow.swift */,
				B12BA0811B7BE587001F8080 /* Notification.swift */,
				B12BA06A1B7BE0DD001F8080 /* Assets.xcassets */,
				B12BA06C1B7BE0DD001F8080 /* Main.storyboard */,
				B12BA06F1B7BE0DD001F8080 /* Info.plist */,
			);
			path = RunModalTestApp;
			sourceTree = "<group>";
		};
		B174755B1B6CD4A500A86785 = {
			isa = PBXGroup;
			children = (
				B17475F81B6CE16100A86785 /* Podfile */,
				B1E89A791B745F310062E12E /* ESNotification.podspec */,
				B1E89A7A1B745F5F0062E12E /* LICENSE */,
				B17475F41B6CE0EB00A86785 /* README.md */,
				B17475671B6CD4A500A86785 /* ESNotification */,
				B17475731B6CD4A500A86785 /* ESNotificationTests */,
				B17475A11B6CD4DE00A86785 /* ESNotification_iOS */,
				B17475AD1B6CD4DE00A86785 /* ESNotification_iOSTests */,
				B17475BD1B6CD4EB00A86785 /* ESNotification_OSX */,
				B17475C91B6CD4EB00A86785 /* ESNotification_OSXTests */,
				B12BA0651B7BE0DD001F8080 /* RunModalTestApp */,
				B125EA641B81E61D00714AF9 /* ObjCTestApp */,
				B17475661B6CD4A500A86785 /* Products */,
				2D12B598E411EF0DA6582D29 /* Pods */,
				231D6053F4AABA988815BC2A /* Frameworks */,
			);
			sourceTree = "<group>";
			usesTabs = 1;
		};
		B17475661B6CD4A500A86785 /* Products */ = {
			isa = PBXGroup;
			children = (
				B17475A01B6CD4DE00A86785 /* ESNotification.framework */,
				B17475A91B6CD4DE00A86785 /* ESNotification_iOSTests.xctest */,
				B17475BC1B6CD4EB00A86785 /* ESNotification.framework */,
				B17475C51B6CD4EB00A86785 /* ESNotification_OSXTests.xctest */,
				B12BA0641B7BE0DD001F8080 /* RunModalTestApp.app */,
				B125EA631B81E61D00714AF9 /* ObjCTestApp.app */,
			);
			name = Products;
			sourceTree = "<group>";
		};
		B17475671B6CD4A500A86785 /* ESNotification */ = {
			isa = PBXGroup;
			children = (
				B17475E01B6CE0D500A86785 /* Notification.swift */,
				B14B4E501BCF25FA007D5DE6 /* NotificationPost.swift */,
				B14B4E531BCF2605007D5DE6 /* NotificationObserve.swift */,
				B142EB451BC80F9800EF9A98 /* NotificationBox.swift */,
				B17475E11B6CE0D500A86785 /* NotificationControl.swift */,
				B17475E21B6CE0D500A86785 /* NotificationManager.swift */,
				B17475E31B6CE0D500A86785 /* NamedNotification.swift */,
				B17475E41B6CE0D500A86785 /* AnyNotification.swift */,
				B17475E51B6CE0D500A86785 /* RawNotificationConvertible.swift */,
				B1F2FE6A1BCF30AD00DE716D /* Deprecated.swift */,
			);
			path = ESNotification;
			sourceTree = "<group>";
		};
		B17475731B6CD4A500A86785 /* ESNotificationTests */ = {
			isa = PBXGroup;
			children = (
				B17475F51B6CE11200A86785 /* NotificationTests.swift */,
			);
			path = ESNotificationTests;
			sourceTree = "<group>";
		};
		B17475A11B6CD4DE00A86785 /* ESNotification_iOS */ = {
			isa = PBXGroup;
			children = (
				B17475A21B6CD4DE00A86785 /* ESNotification_iOS.h */,
				B17475A41B6CD4DE00A86785 /* Info.plist */,
				B12BA0871B7C072E001F8080 /* NotificationControl_iOS.swift */,
			);
			path = ESNotification_iOS;
			sourceTree = "<group>";
		};
		B17475AD1B6CD4DE00A86785 /* ESNotification_iOSTests */ = {
			isa = PBXGroup;
			children = (
				B17475B01B6CD4DE00A86785 /* Info.plist */,
			);
			path = ESNotification_iOSTests;
			sourceTree = "<group>";
		};
		B17475BD1B6CD4EB00A86785 /* ESNotification_OSX */ = {
			isa = PBXGroup;
			children = (
				B17475BE1B6CD4EB00A86785 /* ESNotification_OSX.h */,
				B17475C01B6CD4EB00A86785 /* Info.plist */,
				B12BA0851B7C0723001F8080 /* NotificationControl_OSX.swift */,
			);
			path = ESNotification_OSX;
			sourceTree = "<group>";
		};
		B17475C91B6CD4EB00A86785 /* ESNotification_OSXTests */ = {
			isa = PBXGroup;
			children = (
				B17475CC1B6CD4EB00A86785 /* Info.plist */,
			);
			path = ESNotification_OSXTests;
			sourceTree = "<group>";
		};
/* End PBXGroup section */

/* Begin PBXHeadersBuildPhase section */
		B174759D1B6CD4DE00A86785 /* Headers */ = {
			isa = PBXHeadersBuildPhase;
			buildActionMask = 2147483647;
			files = (
				B17475A31B6CD4DE00A86785 /* ESNotification_iOS.h in Headers */,
			);
			runOnlyForDeploymentPostprocessing = 0;
		};
		B17475B91B6CD4EB00A86785 /* Headers */ = {
			isa = PBXHeadersBuildPhase;
			buildActionMask = 2147483647;
			files = (
				B17475BF1B6CD4EB00A86785 /* ESNotification_OSX.h in Headers */,
			);
			runOnlyForDeploymentPostprocessing = 0;
		};
/* End PBXHeadersBuildPhase section */

/* Begin PBXNativeTarget section */
		B125EA621B81E61D00714AF9 /* ObjCTestApp */ = {
			isa = PBXNativeTarget;
			buildConfigurationList = B125EA761B81E61D00714AF9 /* Build configuration list for PBXNativeTarget "ObjCTestApp" */;
			buildPhases = (
				BA59F857E7A923F602455306 /* Check Pods Manifest.lock */,
				B125EA5F1B81E61D00714AF9 /* Sources */,
				B125EA601B81E61D00714AF9 /* Frameworks */,
				B125EA611B81E61D00714AF9 /* Resources */,
				88130A3139BDC65EB00BBBE5 /* Embed Pods Frameworks */,
				ED3A487846DD9028C05F35DC /* Copy Pods Resources */,
				B125EA7E1B81E72000714AF9 /* Embed Frameworks */,
			);
			buildRules = (
			);
			dependencies = (
				B125EA7D1B81E72000714AF9 /* PBXTargetDependency */,
			);
			name = ObjCTestApp;
			productName = ObjCTestApp;
			productReference = B125EA631B81E61D00714AF9 /* ObjCTestApp.app */;
			productType = "com.apple.product-type.application";
		};
		B12BA0631B7BE0DD001F8080 /* RunModalTestApp */ = {
			isa = PBXNativeTarget;
			buildConfigurationList = B12BA0721B7BE0DD001F8080 /* Build configuration list for PBXNativeTarget "RunModalTestApp" */;
			buildPhases = (
				CFBF2217676031C5B0800077 /* Check Pods Manifest.lock */,
				B12BA0601B7BE0DD001F8080 /* Sources */,
				B12BA0611B7BE0DD001F8080 /* Frameworks */,
				B12BA0621B7BE0DD001F8080 /* Resources */,
				B12BA07E1B7BE336001F8080 /* Embed Frameworks */,
				67AF9D30954DE6EF9F8D5CB0 /* Embed Pods Frameworks */,
				4859CBD23844D70A99C46961 /* Copy Pods Resources */,
			);
			buildRules = (
			);
			dependencies = (
				B12BA07D1B7BE335001F8080 /* PBXTargetDependency */,
			);
			name = RunModalTestApp;
			productName = RunModalTestApp;
			productReference = B12BA0641B7BE0DD001F8080 /* RunModalTestApp.app */;
			productType = "com.apple.product-type.application";
		};
		B174759F1B6CD4DE00A86785 /* ESNotification_iOS */ = {
			isa = PBXNativeTarget;
			buildConfigurationList = B17475B11B6CD4DE00A86785 /* Build configuration list for PBXNativeTarget "ESNotification_iOS" */;
			buildPhases = (
				F4C9F83AEF3E4F3D97FFE20B /* Check Pods Manifest.lock */,
				B174759B1B6CD4DE00A86785 /* Sources */,
				B174759C1B6CD4DE00A86785 /* Frameworks */,
				B174759D1B6CD4DE00A86785 /* Headers */,
				B174759E1B6CD4DE00A86785 /* Resources */,
				35C7D397B710D0CDF8BC2C70 /* Copy Pods Resources */,
			);
			buildRules = (
			);
			dependencies = (
			);
			name = ESNotification_iOS;
			productName = ESNotification_iOS;
			productReference = B17475A01B6CD4DE00A86785 /* ESNotification.framework */;
			productType = "com.apple.product-type.framework";
		};
		B17475A81B6CD4DE00A86785 /* ESNotification_iOSTests */ = {
			isa = PBXNativeTarget;
			buildConfigurationList = B17475B41B6CD4DE00A86785 /* Build configuration list for PBXNativeTarget "ESNotification_iOSTests" */;
			buildPhases = (
				1DB2D26AF334A15D5EF2FC93 /* Check Pods Manifest.lock */,
				B17475A51B6CD4DE00A86785 /* Sources */,
				B17475A61B6CD4DE00A86785 /* Frameworks */,
				B17475A71B6CD4DE00A86785 /* Resources */,
				A319367588FD6D0527CB6844 /* Embed Pods Frameworks */,
				9FC3A245E2C79476443C0D32 /* Copy Pods Resources */,
			);
			buildRules = (
			);
			dependencies = (
				B17475AC1B6CD4DE00A86785 /* PBXTargetDependency */,
			);
			name = ESNotification_iOSTests;
			productName = ESNotification_iOSTests;
			productReference = B17475A91B6CD4DE00A86785 /* ESNotification_iOSTests.xctest */;
			productType = "com.apple.product-type.bundle.unit-test";
		};
		B17475BB1B6CD4EB00A86785 /* ESNotification_OSX */ = {
			isa = PBXNativeTarget;
			buildConfigurationList = B17475CD1B6CD4EB00A86785 /* Build configuration list for PBXNativeTarget "ESNotification_OSX" */;
			buildPhases = (
				3CF0F8C5B8EC5EF753E15A6B /* Check Pods Manifest.lock */,
				B17475B71B6CD4EB00A86785 /* Sources */,
				B17475B81B6CD4EB00A86785 /* Frameworks */,
				B17475B91B6CD4EB00A86785 /* Headers */,
				B17475BA1B6CD4EB00A86785 /* Resources */,
				DA3417E3C37B6CC40F82BF84 /* Copy Pods Resources */,
			);
			buildRules = (
			);
			dependencies = (
			);
			name = ESNotification_OSX;
			productName = ESNotification_OSX;
			productReference = B17475BC1B6CD4EB00A86785 /* ESNotification.framework */;
			productType = "com.apple.product-type.framework";
		};
		B17475C41B6CD4EB00A86785 /* ESNotification_OSXTests */ = {
			isa = PBXNativeTarget;
			buildConfigurationList = B17475D01B6CD4EB00A86785 /* Build configuration list for PBXNativeTarget "ESNotification_OSXTests" */;
			buildPhases = (
				3D8DD546EC2CD959D64A1ABE /* Check Pods Manifest.lock */,
				B17475C11B6CD4EB00A86785 /* Sources */,
				B17475C21B6CD4EB00A86785 /* Frameworks */,
				B17475C31B6CD4EB00A86785 /* Resources */,
				ACD92590FF07609BA6C5DDC7 /* Embed Pods Frameworks */,
				085D10F602442E4585CA94CE /* Copy Pods Resources */,
			);
			buildRules = (
			);
			dependencies = (
				B17475C81B6CD4EB00A86785 /* PBXTargetDependency */,
			);
			name = ESNotification_OSXTests;
			productName = ESNotification_OSXTests;
			productReference = B17475C51B6CD4EB00A86785 /* ESNotification_OSXTests.xctest */;
			productType = "com.apple.product-type.bundle.unit-test";
		};
/* End PBXNativeTarget section */

/* Begin PBXProject section */
		B174755C1B6CD4A500A86785 /* Project object */ = {
			isa = PBXProject;
			attributes = {
				LastSwiftUpdateCheck = 0700;
				LastUpgradeCheck = 0700;
				ORGANIZATIONNAME = "EasyStyle G.K.";
				TargetAttributes = {
					B125EA621B81E61D00714AF9 = {
						CreatedOnToolsVersion = 7.0;
					};
					B12BA0631B7BE0DD001F8080 = {
						CreatedOnToolsVersion = 7.0;
					};
					B174759F1B6CD4DE00A86785 = {
						CreatedOnToolsVersion = 7.0;
					};
					B17475A81B6CD4DE00A86785 = {
						CreatedOnToolsVersion = 7.0;
					};
					B17475BB1B6CD4EB00A86785 = {
						CreatedOnToolsVersion = 7.0;
					};
					B17475C41B6CD4EB00A86785 = {
						CreatedOnToolsVersion = 7.0;
					};
				};
			};
			buildConfigurationList = B174755F1B6CD4A500A86785 /* Build configuration list for PBXProject "ESNotification" */;
			compatibilityVersion = "Xcode 3.2";
			developmentRegion = English;
			hasScannedForEncodings = 0;
			knownRegions = (
				en,
				Base,
			);
			mainGroup = B174755B1B6CD4A500A86785;
			productRefGroup = B17475661B6CD4A500A86785 /* Products */;
			projectDirPath = "";
			projectRoot = "";
			targets = (
				B174759F1B6CD4DE00A86785 /* ESNotification_iOS */,
				B17475BB1B6CD4EB00A86785 /* ESNotification_OSX */,
				B17475A81B6CD4DE00A86785 /* ESNotification_iOSTests */,
				B17475C41B6CD4EB00A86785 /* ESNotification_OSXTests */,
				B12BA0631B7BE0DD001F8080 /* RunModalTestApp */,
				B125EA621B81E61D00714AF9 /* ObjCTestApp */,
			);
		};
/* End PBXProject section */

/* Begin PBXResourcesBuildPhase section */
		B125EA611B81E61D00714AF9 /* Resources */ = {
			isa = PBXResourcesBuildPhase;
			buildActionMask = 2147483647;
			files = (
				B125EA6F1B81E61D00714AF9 /* Assets.xcassets in Resources */,
				B125EA721B81E61D00714AF9 /* Main.storyboard in Resources */,
			);
			runOnlyForDeploymentPostprocessing = 0;
		};
		B12BA0621B7BE0DD001F8080 /* Resources */ = {
			isa = PBXResourcesBuildPhase;
			buildActionMask = 2147483647;
			files = (
				B12BA06B1B7BE0DD001F8080 /* Assets.xcassets in Resources */,
				B12BA06E1B7BE0DD001F8080 /* Main.storyboard in Resources */,
			);
			runOnlyForDeploymentPostprocessing = 0;
		};
		B174759E1B6CD4DE00A86785 /* Resources */ = {
			isa = PBXResourcesBuildPhase;
			buildActionMask = 2147483647;
			files = (
			);
			runOnlyForDeploymentPostprocessing = 0;
		};
		B17475A71B6CD4DE00A86785 /* Resources */ = {
			isa = PBXResourcesBuildPhase;
			buildActionMask = 2147483647;
			files = (
			);
			runOnlyForDeploymentPostprocessing = 0;
		};
		B17475BA1B6CD4EB00A86785 /* Resources */ = {
			isa = PBXResourcesBuildPhase;
			buildActionMask = 2147483647;
			files = (
			);
			runOnlyForDeploymentPostprocessing = 0;
		};
		B17475C31B6CD4EB00A86785 /* Resources */ = {
			isa = PBXResourcesBuildPhase;
			buildActionMask = 2147483647;
			files = (
			);
			runOnlyForDeploymentPostprocessing = 0;
		};
/* End PBXResourcesBuildPhase section */

/* Begin PBXShellScriptBuildPhase section */
		085D10F602442E4585CA94CE /* Copy Pods Resources */ = {
			isa = PBXShellScriptBuildPhase;
			buildActionMask = 2147483647;
			files = (
			);
			inputPaths = (
			);
			name = "Copy Pods Resources";
			outputPaths = (
			);
			runOnlyForDeploymentPostprocessing = 0;
			shellPath = /bin/sh;
			shellScript = "\"${SRCROOT}/Pods/Target Support Files/Pods-ESNotification_OSXTests/Pods-ESNotification_OSXTests-resources.sh\"\n";
			showEnvVarsInLog = 0;
		};
		1DB2D26AF334A15D5EF2FC93 /* Check Pods Manifest.lock */ = {
			isa = PBXShellScriptBuildPhase;
			buildActionMask = 2147483647;
			files = (
			);
			inputPaths = (
			);
			name = "Check Pods Manifest.lock";
			outputPaths = (
			);
			runOnlyForDeploymentPostprocessing = 0;
			shellPath = /bin/sh;
			shellScript = "diff \"${PODS_ROOT}/../Podfile.lock\" \"${PODS_ROOT}/Manifest.lock\" > /dev/null\nif [[ $? != 0 ]] ; then\n    cat << EOM\nerror: The sandbox is not in sync with the Podfile.lock. Run 'pod install' or update your CocoaPods installation.\nEOM\n    exit 1\nfi\n";
			showEnvVarsInLog = 0;
		};
		35C7D397B710D0CDF8BC2C70 /* Copy Pods Resources */ = {
			isa = PBXShellScriptBuildPhase;
			buildActionMask = 2147483647;
			files = (
			);
			inputPaths = (
			);
			name = "Copy Pods Resources";
			outputPaths = (
			);
			runOnlyForDeploymentPostprocessing = 0;
			shellPath = /bin/sh;
			shellScript = "\"${SRCROOT}/Pods/Target Support Files/Pods-ESNotification_iOS/Pods-ESNotification_iOS-resources.sh\"\n";
			showEnvVarsInLog = 0;
		};
		3CF0F8C5B8EC5EF753E15A6B /* Check Pods Manifest.lock */ = {
			isa = PBXShellScriptBuildPhase;
			buildActionMask = 2147483647;
			files = (
			);
			inputPaths = (
			);
			name = "Check Pods Manifest.lock";
			outputPaths = (
			);
			runOnlyForDeploymentPostprocessing = 0;
			shellPath = /bin/sh;
			shellScript = "diff \"${PODS_ROOT}/../Podfile.lock\" \"${PODS_ROOT}/Manifest.lock\" > /dev/null\nif [[ $? != 0 ]] ; then\n    cat << EOM\nerror: The sandbox is not in sync with the Podfile.lock. Run 'pod install' or update your CocoaPods installation.\nEOM\n    exit 1\nfi\n";
			showEnvVarsInLog = 0;
		};
		3D8DD546EC2CD959D64A1ABE /* Check Pods Manifest.lock */ = {
			isa = PBXShellScriptBuildPhase;
			buildActionMask = 2147483647;
			files = (
			);
			inputPaths = (
			);
			name = "Check Pods Manifest.lock";
			outputPaths = (
			);
			runOnlyForDeploymentPostprocessing = 0;
			shellPath = /bin/sh;
			shellScript = "diff \"${PODS_ROOT}/../Podfile.lock\" \"${PODS_ROOT}/Manifest.lock\" > /dev/null\nif [[ $? != 0 ]] ; then\n    cat << EOM\nerror: The sandbox is not in sync with the Podfile.lock. Run 'pod install' or update your CocoaPods installation.\nEOM\n    exit 1\nfi\n";
			showEnvVarsInLog = 0;
		};
		4859CBD23844D70A99C46961 /* Copy Pods Resources */ = {
			isa = PBXShellScriptBuildPhase;
			buildActionMask = 2147483647;
			files = (
			);
			inputPaths = (
			);
			name = "Copy Pods Resources";
			outputPaths = (
			);
			runOnlyForDeploymentPostprocessing = 0;
			shellPath = /bin/sh;
			shellScript = "\"${SRCROOT}/Pods/Target Support Files/Pods-RunModalTestApp/Pods-RunModalTestApp-resources.sh\"\n";
			showEnvVarsInLog = 0;
		};
		67AF9D30954DE6EF9F8D5CB0 /* Embed Pods Frameworks */ = {
			isa = PBXShellScriptBuildPhase;
			buildActionMask = 2147483647;
			files = (
			);
			inputPaths = (
			);
			name = "Embed Pods Frameworks";
			outputPaths = (
			);
			runOnlyForDeploymentPostprocessing = 0;
			shellPath = /bin/sh;
			shellScript = "\"${SRCROOT}/Pods/Target Support Files/Pods-RunModalTestApp/Pods-RunModalTestApp-frameworks.sh\"\n";
			showEnvVarsInLog = 0;
		};
		88130A3139BDC65EB00BBBE5 /* Embed Pods Frameworks */ = {
			isa = PBXShellScriptBuildPhase;
			buildActionMask = 2147483647;
			files = (
			);
			inputPaths = (
			);
			name = "Embed Pods Frameworks";
			outputPaths = (
			);
			runOnlyForDeploymentPostprocessing = 0;
			shellPath = /bin/sh;
			shellScript = "\"${SRCROOT}/Pods/Target Support Files/Pods-ObjCTestApp/Pods-ObjCTestApp-frameworks.sh\"\n";
			showEnvVarsInLog = 0;
		};
		9FC3A245E2C79476443C0D32 /* Copy Pods Resources */ = {
			isa = PBXShellScriptBuildPhase;
			buildActionMask = 2147483647;
			files = (
			);
			inputPaths = (
			);
			name = "Copy Pods Resources";
			outputPaths = (
			);
			runOnlyForDeploymentPostprocessing = 0;
			shellPath = /bin/sh;
			shellScript = "\"${SRCROOT}/Pods/Target Support Files/Pods-ESNotification_iOSTests/Pods-ESNotification_iOSTests-resources.sh\"\n";
			showEnvVarsInLog = 0;
		};
		A319367588FD6D0527CB6844 /* Embed Pods Frameworks */ = {
			isa = PBXShellScriptBuildPhase;
			buildActionMask = 2147483647;
			files = (
			);
			inputPaths = (
			);
			name = "Embed Pods Frameworks";
			outputPaths = (
			);
			runOnlyForDeploymentPostprocessing = 0;
			shellPath = /bin/sh;
			shellScript = "\"${SRCROOT}/Pods/Target Support Files/Pods-ESNotification_iOSTests/Pods-ESNotification_iOSTests-frameworks.sh\"\n";
			showEnvVarsInLog = 0;
		};
		ACD92590FF07609BA6C5DDC7 /* Embed Pods Frameworks */ = {
			isa = PBXShellScriptBuildPhase;
			buildActionMask = 2147483647;
			files = (
			);
			inputPaths = (
			);
			name = "Embed Pods Frameworks";
			outputPaths = (
			);
			runOnlyForDeploymentPostprocessing = 0;
			shellPath = /bin/sh;
			shellScript = "\"${SRCROOT}/Pods/Target Support Files/Pods-ESNotification_OSXTests/Pods-ESNotification_OSXTests-frameworks.sh\"\n";
			showEnvVarsInLog = 0;
		};
		BA59F857E7A923F602455306 /* Check Pods Manifest.lock */ = {
			isa = PBXShellScriptBuildPhase;
			buildActionMask = 2147483647;
			files = (
			);
			inputPaths = (
			);
			name = "Check Pods Manifest.lock";
			outputPaths = (
			);
			runOnlyForDeploymentPostprocessing = 0;
			shellPath = /bin/sh;
			shellScript = "diff \"${PODS_ROOT}/../Podfile.lock\" \"${PODS_ROOT}/Manifest.lock\" > /dev/null\nif [[ $? != 0 ]] ; then\n    cat << EOM\nerror: The sandbox is not in sync with the Podfile.lock. Run 'pod install' or update your CocoaPods installation.\nEOM\n    exit 1\nfi\n";
			showEnvVarsInLog = 0;
		};
		CFBF2217676031C5B0800077 /* Check Pods Manifest.lock */ = {
			isa = PBXShellScriptBuildPhase;
			buildActionMask = 2147483647;
			files = (
			);
			inputPaths = (
			);
			name = "Check Pods Manifest.lock";
			outputPaths = (
			);
			runOnlyForDeploymentPostprocessing = 0;
			shellPath = /bin/sh;
			shellScript = "diff \"${PODS_ROOT}/../Podfile.lock\" \"${PODS_ROOT}/Manifest.lock\" > /dev/null\nif [[ $? != 0 ]] ; then\n    cat << EOM\nerror: The sandbox is not in sync with the Podfile.lock. Run 'pod install' or update your CocoaPods installation.\nEOM\n    exit 1\nfi\n";
			showEnvVarsInLog = 0;
		};
		DA3417E3C37B6CC40F82BF84 /* Copy Pods Resources */ = {
			isa = PBXShellScriptBuildPhase;
			buildActionMask = 2147483647;
			files = (
			);
			inputPaths = (
			);
			name = "Copy Pods Resources";
			outputPaths = (
			);
			runOnlyForDeploymentPostprocessing = 0;
			shellPath = /bin/sh;
			shellScript = "\"${SRCROOT}/Pods/Target Support Files/Pods-ESNotification_OSX/Pods-ESNotification_OSX-resources.sh\"\n";
			showEnvVarsInLog = 0;
		};
		ED3A487846DD9028C05F35DC /* Copy Pods Resources */ = {
			isa = PBXShellScriptBuildPhase;
			buildActionMask = 2147483647;
			files = (
			);
			inputPaths = (
			);
			name = "Copy Pods Resources";
			outputPaths = (
			);
			runOnlyForDeploymentPostprocessing = 0;
			shellPath = /bin/sh;
			shellScript = "\"${SRCROOT}/Pods/Target Support Files/Pods-ObjCTestApp/Pods-ObjCTestApp-resources.sh\"\n";
			showEnvVarsInLog = 0;
		};
		F4C9F83AEF3E4F3D97FFE20B /* Check Pods Manifest.lock */ = {
			isa = PBXShellScriptBuildPhase;
			buildActionMask = 2147483647;
			files = (
			);
			inputPaths = (
			);
			name = "Check Pods Manifest.lock";
			outputPaths = (
			);
			runOnlyForDeploymentPostprocessing = 0;
			shellPath = /bin/sh;
			shellScript = "diff \"${PODS_ROOT}/../Podfile.lock\" \"${PODS_ROOT}/Manifest.lock\" > /dev/null\nif [[ $? != 0 ]] ; then\n    cat << EOM\nerror: The sandbox is not in sync with the Podfile.lock. Run 'pod install' or update your CocoaPods installation.\nEOM\n    exit 1\nfi\n";
			showEnvVarsInLog = 0;
		};
/* End PBXShellScriptBuildPhase section */

/* Begin PBXSourcesBuildPhase section */
		B125EA5F1B81E61D00714AF9 /* Sources */ = {
			isa = PBXSourcesBuildPhase;
			buildActionMask = 2147483647;
			files = (
				B125EA6D1B81E61D00714AF9 /* ESViewController.m in Sources */,
				B125EA791B81E70B00714AF9 /* MyNativeNotification.swift in Sources */,
				B125EA6A1B81E61D00714AF9 /* main.m in Sources */,
				B125EA671B81E61D00714AF9 /* AppDelegate.m in Sources */,
			);
			runOnlyForDeploymentPostprocessing = 0;
		};
		B12BA0601B7BE0DD001F8080 /* Sources */ = {
			isa = PBXSourcesBuildPhase;
			buildActionMask = 2147483647;
			files = (
				B12BA0801B7BE504001F8080 /* ModalViewController.swift in Sources */,
				B12BA0821B7BE587001F8080 /* Notification.swift in Sources */,
				B12BA0691B7BE0DD001F8080 /* ViewController.swift in Sources */,
				B12BA0841B7BEB2F001F8080 /* ModalWindow.swift in Sources */,
				B12BA0671B7BE0DD001F8080 /* AppDelegate.swift in Sources */,
				B12BA0761B7BE1BE001F8080 /* ModalWindowController.swift in Sources */,
			);
			runOnlyForDeploymentPostprocessing = 0;
		};
		B174759B1B6CD4DE00A86785 /* Sources */ = {
			isa = PBXSourcesBuildPhase;
			buildActionMask = 2147483647;
			files = (
				B142EB461BC80F9800EF9A98 /* NotificationBox.swift in Sources */,
				B17475E81B6CE0D500A86785 /* Notification.swift in Sources */,
				B14B4E511BCF25FA007D5DE6 /* NotificationPost.swift in Sources */,
				B17475EE1B6CE0D500A86785 /* NamedNotification.swift in Sources */,
				B17475F21B6CE0D500A86785 /* RawNotificationConvertible.swift in Sources */,
				B1F2FE6B1BCF30AD00DE716D /* Deprecated.swift in Sources */,
				B12BA0881B7C072E001F8080 /* NotificationControl_iOS.swift in Sources */,
				B17475F01B6CE0D500A86785 /* AnyNotification.swift in Sources */,
				B14B4E541BCF2605007D5DE6 /* NotificationObserve.swift in Sources */,
				B17475EC1B6CE0D500A86785 /* NotificationManager.swift in Sources */,
				B17475EA1B6CE0D500A86785 /* NotificationControl.swift in Sources */,
			);
			runOnlyForDeploymentPostprocessing = 0;
		};
		B17475A51B6CD4DE00A86785 /* Sources */ = {
			isa = PBXSourcesBuildPhase;
			buildActionMask = 2147483647;
			files = (
				B17475F61B6CE11200A86785 /* NotificationTests.swift in Sources */,
			);
			runOnlyForDeploymentPostprocessing = 0;
		};
		B17475B71B6CD4EB00A86785 /* Sources */ = {
			isa = PBXSourcesBuildPhase;
			buildActionMask = 2147483647;
			files = (
				B142EB471BC80F9800EF9A98 /* NotificationBox.swift in Sources */,
				B17475E91B6CE0D500A86785 /* Notification.swift in Sources */,
				B14B4E521BCF25FA007D5DE6 /* NotificationPost.swift in Sources */,
				B17475EF1B6CE0D500A86785 /* NamedNotification.swift in Sources */,
				B17475F31B6CE0D500A86785 /* RawNotificationConvertible.swift in Sources */,
				B1F2FE6C1BCF30AD00DE716D /* Deprecated.swift in Sources */,
				B12BA0861B7C0723001F8080 /* NotificationControl_OSX.swift in Sources */,
				B17475F11B6CE0D500A86785 /* AnyNotification.swift in Sources */,
				B14B4E551BCF2605007D5DE6 /* NotificationObserve.swift in Sources */,
				B17475ED1B6CE0D500A86785 /* NotificationManager.swift in Sources */,
				B17475EB1B6CE0D500A86785 /* NotificationControl.swift in Sources */,
			);
			runOnlyForDeploymentPostprocessing = 0;
		};
		B17475C11B6CD4EB00A86785 /* Sources */ = {
			isa = PBXSourcesBuildPhase;
			buildActionMask = 2147483647;
			files = (
				B17475F71B6CE11200A86785 /* NotificationTests.swift in Sources */,
			);
			runOnlyForDeploymentPostprocessing = 0;
		};
/* End PBXSourcesBuildPhase section */

/* Begin PBXTargetDependency section */
		B125EA7D1B81E72000714AF9 /* PBXTargetDependency */ = {
			isa = PBXTargetDependency;
			target = B17475BB1B6CD4EB00A86785 /* ESNotification_OSX */;
			targetProxy = B125EA7C1B81E72000714AF9 /* PBXContainerItemProxy */;
		};
		B12BA07D1B7BE335001F8080 /* PBXTargetDependency */ = {
			isa = PBXTargetDependency;
			target = B17475BB1B6CD4EB00A86785 /* ESNotification_OSX */;
			targetProxy = B12BA07C1B7BE335001F8080 /* PBXContainerItemProxy */;
		};
		B17475AC1B6CD4DE00A86785 /* PBXTargetDependency */ = {
			isa = PBXTargetDependency;
			target = B174759F1B6CD4DE00A86785 /* ESNotification_iOS */;
			targetProxy = B17475AB1B6CD4DE00A86785 /* PBXContainerItemProxy */;
		};
		B17475C81B6CD4EB00A86785 /* PBXTargetDependency */ = {
			isa = PBXTargetDependency;
			target = B17475BB1B6CD4EB00A86785 /* ESNotification_OSX */;
			targetProxy = B17475C71B6CD4EB00A86785 /* PBXContainerItemProxy */;
		};
/* End PBXTargetDependency section */

/* Begin PBXVariantGroup section */
		B125EA701B81E61D00714AF9 /* Main.storyboard */ = {
			isa = PBXVariantGroup;
			children = (
				B125EA711B81E61D00714AF9 /* Base */,
			);
			name = Main.storyboard;
			sourceTree = "<group>";
		};
		B12BA06C1B7BE0DD001F8080 /* Main.storyboard */ = {
			isa = PBXVariantGroup;
			children = (
				B12BA06D1B7BE0DD001F8080 /* Base */,
			);
			name = Main.storyboard;
			sourceTree = "<group>";
		};
/* End PBXVariantGroup section */

/* Begin XCBuildConfiguration section */
		B125EA741B81E61D00714AF9 /* Debug */ = {
			isa = XCBuildConfiguration;
			baseConfigurationReference = 5E11C196E1ABA7BFB8B9E20F /* Pods-ObjCTestApp.debug.xcconfig */;
			buildSettings = {
				ASSETCATALOG_COMPILER_APPICON_NAME = AppIcon;
				CLANG_ENABLE_MODULES = YES;
				CODE_SIGN_IDENTITY = "-";
				COMBINE_HIDPI_IMAGES = YES;
				INFOPLIST_FILE = ObjCTestApp/Info.plist;
				LD_RUNPATH_SEARCH_PATHS = "$(inherited) @executable_path/../Frameworks";
				MACOSX_DEPLOYMENT_TARGET = 10.10;
				PRODUCT_BUNDLE_IDENTIFIER = "jp.ez-style.appid.ObjCTestApp";
				PRODUCT_NAME = "$(TARGET_NAME)";
				SWIFT_OBJC_BRIDGING_HEADER = "ObjCTestApp/ObjCTestApp-Bridging-Header.h";
				SWIFT_OPTIMIZATION_LEVEL = "-Onone";
			};
			name = Debug;
		};
		B125EA751B81E61D00714AF9 /* Release */ = {
			isa = XCBuildConfiguration;
			baseConfigurationReference = 719D97CE24E073D9BEB237DF /* Pods-ObjCTestApp.release.xcconfig */;
			buildSettings = {
				ASSETCATALOG_COMPILER_APPICON_NAME = AppIcon;
				CLANG_ENABLE_MODULES = YES;
				CODE_SIGN_IDENTITY = "-";
				COMBINE_HIDPI_IMAGES = YES;
				INFOPLIST_FILE = ObjCTestApp/Info.plist;
				LD_RUNPATH_SEARCH_PATHS = "$(inherited) @executable_path/../Frameworks";
				MACOSX_DEPLOYMENT_TARGET = 10.10;
				PRODUCT_BUNDLE_IDENTIFIER = "jp.ez-style.appid.ObjCTestApp";
				PRODUCT_NAME = "$(TARGET_NAME)";
				SWIFT_OBJC_BRIDGING_HEADER = "ObjCTestApp/ObjCTestApp-Bridging-Header.h";
			};
			name = Release;
		};
		B12BA0701B7BE0DD001F8080 /* Debug */ = {
			isa = XCBuildConfiguration;
			baseConfigurationReference = 0E75ADA5C13DF748C994DCA4 /* Pods-RunModalTestApp.debug.xcconfig */;
			buildSettings = {
				ASSETCATALOG_COMPILER_APPICON_NAME = AppIcon;
				CODE_SIGN_IDENTITY = "-";
				COMBINE_HIDPI_IMAGES = YES;
				INFOPLIST_FILE = RunModalTestApp/Info.plist;
				LD_RUNPATH_SEARCH_PATHS = "$(inherited) @executable_path/../Frameworks";
				MACOSX_DEPLOYMENT_TARGET = 10.10;
				PRODUCT_BUNDLE_IDENTIFIER = "jp.ez-style.appid.RunModalTestApp";
				PRODUCT_NAME = "$(TARGET_NAME)";
			};
			name = Debug;
		};
		B12BA0711B7BE0DD001F8080 /* Release */ = {
			isa = XCBuildConfiguration;
			baseConfigurationReference = 9ED0AC1A97F60B8A36918B54 /* Pods-RunModalTestApp.release.xcconfig */;
			buildSettings = {
				ASSETCATALOG_COMPILER_APPICON_NAME = AppIcon;
				CODE_SIGN_IDENTITY = "-";
				COMBINE_HIDPI_IMAGES = YES;
				INFOPLIST_FILE = RunModalTestApp/Info.plist;
				LD_RUNPATH_SEARCH_PATHS = "$(inherited) @executable_path/../Frameworks";
				MACOSX_DEPLOYMENT_TARGET = 10.10;
				PRODUCT_BUNDLE_IDENTIFIER = "jp.ez-style.appid.RunModalTestApp";
				PRODUCT_NAME = "$(TARGET_NAME)";
			};
			name = Release;
		};
		B17475771B6CD4A500A86785 /* Debug */ = {
			isa = XCBuildConfiguration;
			buildSettings = {
				ALWAYS_SEARCH_USER_PATHS = NO;
				CLANG_CXX_LANGUAGE_STANDARD = "gnu++0x";
				CLANG_CXX_LIBRARY = "libc++";
				CLANG_ENABLE_MODULES = YES;
				CLANG_ENABLE_OBJC_ARC = YES;
				CLANG_WARN_BOOL_CONVERSION = YES;
				CLANG_WARN_CONSTANT_CONVERSION = YES;
				CLANG_WARN_DIRECT_OBJC_ISA_USAGE = YES_ERROR;
				CLANG_WARN_EMPTY_BODY = YES;
				CLANG_WARN_ENUM_CONVERSION = YES;
				CLANG_WARN_INT_CONVERSION = YES;
				CLANG_WARN_OBJC_ROOT_CLASS = YES_ERROR;
				CLANG_WARN_UNREACHABLE_CODE = YES;
				CLANG_WARN__DUPLICATE_METHOD_MATCH = YES;
				COPY_PHASE_STRIP = NO;
				CURRENT_PROJECT_VERSION = 1;
				DEBUG_INFORMATION_FORMAT = dwarf;
				ENABLE_STRICT_OBJC_MSGSEND = YES;
				ENABLE_TESTABILITY = YES;
				GCC_C_LANGUAGE_STANDARD = gnu99;
				GCC_DYNAMIC_NO_PIC = NO;
				GCC_NO_COMMON_BLOCKS = YES;
				GCC_OPTIMIZATION_LEVEL = 0;
				GCC_PREPROCESSOR_DEFINITIONS = (
					"DEBUG=1",
					"$(inherited)",
				);
				GCC_WARN_64_TO_32_BIT_CONVERSION = YES;
				GCC_WARN_ABOUT_RETURN_TYPE = YES_ERROR;
				GCC_WARN_UNDECLARED_SELECTOR = YES;
				GCC_WARN_UNINITIALIZED_AUTOS = YES_AGGRESSIVE;
				GCC_WARN_UNUSED_FUNCTION = YES;
				GCC_WARN_UNUSED_VARIABLE = YES;
				MACOSX_DEPLOYMENT_TARGET = 10.10;
				MTL_ENABLE_DEBUG_INFO = YES;
				ONLY_ACTIVE_ARCH = YES;
				SDKROOT = macosx;
				SWIFT_OPTIMIZATION_LEVEL = "-Onone";
				VERSIONING_SYSTEM = "apple-generic";
				VERSION_INFO_PREFIX = "";
			};
			name = Debug;
		};
		B17475781B6CD4A500A86785 /* Release */ = {
			isa = XCBuildConfiguration;
			buildSettings = {
				ALWAYS_SEARCH_USER_PATHS = NO;
				CLANG_CXX_LANGUAGE_STANDARD = "gnu++0x";
				CLANG_CXX_LIBRARY = "libc++";
				CLANG_ENABLE_MODULES = YES;
				CLANG_ENABLE_OBJC_ARC = YES;
				CLANG_WARN_BOOL_CONVERSION = YES;
				CLANG_WARN_CONSTANT_CONVERSION = YES;
				CLANG_WARN_DIRECT_OBJC_ISA_USAGE = YES_ERROR;
				CLANG_WARN_EMPTY_BODY = YES;
				CLANG_WARN_ENUM_CONVERSION = YES;
				CLANG_WARN_INT_CONVERSION = YES;
				CLANG_WARN_OBJC_ROOT_CLASS = YES_ERROR;
				CLANG_WARN_UNREACHABLE_CODE = YES;
				CLANG_WARN__DUPLICATE_METHOD_MATCH = YES;
				COPY_PHASE_STRIP = NO;
				CURRENT_PROJECT_VERSION = 1;
				DEBUG_INFORMATION_FORMAT = "dwarf-with-dsym";
				ENABLE_NS_ASSERTIONS = NO;
				ENABLE_STRICT_OBJC_MSGSEND = YES;
				GCC_C_LANGUAGE_STANDARD = gnu99;
				GCC_NO_COMMON_BLOCKS = YES;
				GCC_WARN_64_TO_32_BIT_CONVERSION = YES;
				GCC_WARN_ABOUT_RETURN_TYPE = YES_ERROR;
				GCC_WARN_UNDECLARED_SELECTOR = YES;
				GCC_WARN_UNINITIALIZED_AUTOS = YES_AGGRESSIVE;
				GCC_WARN_UNUSED_FUNCTION = YES;
				GCC_WARN_UNUSED_VARIABLE = YES;
				MACOSX_DEPLOYMENT_TARGET = 10.10;
				MTL_ENABLE_DEBUG_INFO = NO;
				SDKROOT = macosx;
				VERSIONING_SYSTEM = "apple-generic";
				VERSION_INFO_PREFIX = "";
			};
			name = Release;
		};
		B17475B21B6CD4DE00A86785 /* Debug */ = {
			isa = XCBuildConfiguration;
			baseConfigurationReference = 30FAB848E9645FDCA427653B /* Pods-ESNotification_iOS.debug.xcconfig */;
			buildSettings = {
				CLANG_ENABLE_MODULES = YES;
				"CODE_SIGN_IDENTITY[sdk=iphoneos*]" = "iPhone Developer";
				DEFINES_MODULE = YES;
				DYLIB_COMPATIBILITY_VERSION = 1;
				DYLIB_CURRENT_VERSION = 1;
				DYLIB_INSTALL_NAME_BASE = "@rpath";
				INFOPLIST_FILE = ESNotification_iOS/Info.plist;
				INSTALL_PATH = "$(LOCAL_LIBRARY_DIR)/Frameworks";
				IPHONEOS_DEPLOYMENT_TARGET = 8.0;
				LD_RUNPATH_SEARCH_PATHS = "$(inherited) @executable_path/Frameworks @loader_path/Frameworks";
				PRODUCT_BUNDLE_IDENTIFIER = "jp.ez-style.appid.ESNotification-iOS";
				PRODUCT_NAME = ESNotification;
				SDKROOT = iphoneos;
				SKIP_INSTALL = YES;
				SWIFT_OPTIMIZATION_LEVEL = "-Onone";
				TARGETED_DEVICE_FAMILY = "1,2";
			};
			name = Debug;
		};
		B17475B31B6CD4DE00A86785 /* Release */ = {
			isa = XCBuildConfiguration;
			baseConfigurationReference = 3019E78420CB833E27358A53 /* Pods-ESNotification_iOS.release.xcconfig */;
			buildSettings = {
				CLANG_ENABLE_MODULES = YES;
				"CODE_SIGN_IDENTITY[sdk=iphoneos*]" = "iPhone Developer";
				DEFINES_MODULE = YES;
				DYLIB_COMPATIBILITY_VERSION = 1;
				DYLIB_CURRENT_VERSION = 1;
				DYLIB_INSTALL_NAME_BASE = "@rpath";
				INFOPLIST_FILE = ESNotification_iOS/Info.plist;
				INSTALL_PATH = "$(LOCAL_LIBRARY_DIR)/Frameworks";
				IPHONEOS_DEPLOYMENT_TARGET = 8.0;
				LD_RUNPATH_SEARCH_PATHS = "$(inherited) @executable_path/Frameworks @loader_path/Frameworks";
				PRODUCT_BUNDLE_IDENTIFIER = "jp.ez-style.appid.ESNotification-iOS";
				PRODUCT_NAME = ESNotification;
				SDKROOT = iphoneos;
				SKIP_INSTALL = YES;
				TARGETED_DEVICE_FAMILY = "1,2";
				VALIDATE_PRODUCT = YES;
			};
			name = Release;
		};
		B17475B51B6CD4DE00A86785 /* Debug */ = {
			isa = XCBuildConfiguration;
			baseConfigurationReference = 08599E89B6F81AB8EE375CB7 /* Pods-ESNotification_iOSTests.debug.xcconfig */;
			buildSettings = {
				"CODE_SIGN_IDENTITY[sdk=iphoneos*]" = "iPhone Developer";
				INFOPLIST_FILE = ESNotification_iOSTests/Info.plist;
				IPHONEOS_DEPLOYMENT_TARGET = 9.0;
				LD_RUNPATH_SEARCH_PATHS = "$(inherited) @executable_path/Frameworks @loader_path/Frameworks";
				MACOSX_DEPLOYMENT_TARGET = 10.10;
				PRODUCT_BUNDLE_IDENTIFIER = "jp.ez-style.appid.ESNotification-iOSTests";
				PRODUCT_NAME = "$(TARGET_NAME)";
				SDKROOT = iphoneos;
			};
			name = Debug;
		};
		B17475B61B6CD4DE00A86785 /* Release */ = {
			isa = XCBuildConfiguration;
			baseConfigurationReference = 5533CF9D94848F3539FF9D05 /* Pods-ESNotification_iOSTests.release.xcconfig */;
			buildSettings = {
				"CODE_SIGN_IDENTITY[sdk=iphoneos*]" = "iPhone Developer";
				INFOPLIST_FILE = ESNotification_iOSTests/Info.plist;
				IPHONEOS_DEPLOYMENT_TARGET = 9.0;
				LD_RUNPATH_SEARCH_PATHS = "$(inherited) @executable_path/Frameworks @loader_path/Frameworks";
				MACOSX_DEPLOYMENT_TARGET = 10.10;
				PRODUCT_BUNDLE_IDENTIFIER = "jp.ez-style.appid.ESNotification-iOSTests";
				PRODUCT_NAME = "$(TARGET_NAME)";
				SDKROOT = iphoneos;
				VALIDATE_PRODUCT = YES;
			};
			name = Release;
		};
		B17475CE1B6CD4EB00A86785 /* Debug */ = {
			isa = XCBuildConfiguration;
			baseConfigurationReference = 7132ACFF95924D2451FF3898 /* Pods-ESNotification_OSX.debug.xcconfig */;
			buildSettings = {
				CLANG_ENABLE_MODULES = YES;
				CODE_SIGN_IDENTITY = "-";
				COMBINE_HIDPI_IMAGES = YES;
				DEFINES_MODULE = YES;
				DYLIB_COMPATIBILITY_VERSION = 1;
				DYLIB_CURRENT_VERSION = 1;
				DYLIB_INSTALL_NAME_BASE = "@rpath";
				FRAMEWORK_VERSION = A;
				INFOPLIST_FILE = ESNotification_OSX/Info.plist;
				INSTALL_PATH = "$(LOCAL_LIBRARY_DIR)/Frameworks";
				LD_RUNPATH_SEARCH_PATHS = "$(inherited) @executable_path/../Frameworks @loader_path/Frameworks";
				MACOSX_DEPLOYMENT_TARGET = 10.9;
				PRODUCT_BUNDLE_IDENTIFIER = "jp.ez-style.appid.ESNotification_OSX";
				PRODUCT_NAME = ESNotification;
				SKIP_INSTALL = YES;
				SWIFT_OPTIMIZATION_LEVEL = "-Onone";
			};
			name = Debug;
		};
		B17475CF1B6CD4EB00A86785 /* Release */ = {
			isa = XCBuildConfiguration;
			baseConfigurationReference = F3F5EEE9FEE59F10E3873CAC /* Pods-ESNotification_OSX.release.xcconfig */;
			buildSettings = {
				CLANG_ENABLE_MODULES = YES;
				CODE_SIGN_IDENTITY = "-";
				COMBINE_HIDPI_IMAGES = YES;
				DEFINES_MODULE = YES;
				DYLIB_COMPATIBILITY_VERSION = 1;
				DYLIB_CURRENT_VERSION = 1;
				DYLIB_INSTALL_NAME_BASE = "@rpath";
				FRAMEWORK_VERSION = A;
				INFOPLIST_FILE = ESNotification_OSX/Info.plist;
				INSTALL_PATH = "$(LOCAL_LIBRARY_DIR)/Frameworks";
				LD_RUNPATH_SEARCH_PATHS = "$(inherited) @executable_path/../Frameworks @loader_path/Frameworks";
				MACOSX_DEPLOYMENT_TARGET = 10.9;
				PRODUCT_BUNDLE_IDENTIFIER = "jp.ez-style.appid.ESNotification_OSX";
				PRODUCT_NAME = ESNotification;
				SKIP_INSTALL = YES;
			};
			name = Release;
		};
		B17475D11B6CD4EB00A86785 /* Debug */ = {
			isa = XCBuildConfiguration;
			baseConfigurationReference = 1D438E63263B9A68693E15AA /* Pods-ESNotification_OSXTests.debug.xcconfig */;
			buildSettings = {
				COMBINE_HIDPI_IMAGES = YES;
				INFOPLIST_FILE = ESNotification_OSXTests/Info.plist;
				IPHONEOS_DEPLOYMENT_TARGET = 9.0;
				LD_RUNPATH_SEARCH_PATHS = "$(inherited) @executable_path/../Frameworks @loader_path/../Frameworks";
				PRODUCT_BUNDLE_IDENTIFIER = "jp.ez-style.appid.ESNotification-OSXTests";
				PRODUCT_NAME = "$(TARGET_NAME)";
			};
			name = Debug;
		};
		B17475D21B6CD4EB00A86785 /* Release */ = {
			isa = XCBuildConfiguration;
			baseConfigurationReference = 4565CA18A7315FAE2A6E61E2 /* Pods-ESNotification_OSXTests.release.xcconfig */;
			buildSettings = {
				COMBINE_HIDPI_IMAGES = YES;
				INFOPLIST_FILE = ESNotification_OSXTests/Info.plist;
				IPHONEOS_DEPLOYMENT_TARGET = 9.0;
				LD_RUNPATH_SEARCH_PATHS = "$(inherited) @executable_path/../Frameworks @loader_path/../Frameworks";
				PRODUCT_BUNDLE_IDENTIFIER = "jp.ez-style.appid.ESNotification-OSXTests";
				PRODUCT_NAME = "$(TARGET_NAME)";
			};
			name = Release;
		};
/* End XCBuildConfiguration section */

/* Begin XCConfigurationList section */
		B125EA761B81E61D00714AF9 /* Build configuration list for PBXNativeTarget "ObjCTestApp" */ = {
			isa = XCConfigurationList;
			buildConfigurations = (
				B125EA741B81E61D00714AF9 /* Debug */,
				B125EA751B81E61D00714AF9 /* Release */,
			);
			defaultConfigurationIsVisible = 0;
			defaultConfigurationName = Release;
		};
		B12BA0721B7BE0DD001F8080 /* Build configuration list for PBXNativeTarget "RunModalTestApp" */ = {
			isa = XCConfigurationList;
			buildConfigurations = (
				B12BA0701B7BE0DD001F8080 /* Debug */,
				B12BA0711B7BE0DD001F8080 /* Release */,
			);
			defaultConfigurationIsVisible = 0;
			defaultConfigurationName = Release;
		};
		B174755F1B6CD4A500A86785 /* Build configuration list for PBXProject "ESNotification" */ = {
			isa = XCConfigurationList;
			buildConfigurations = (
				B17475771B6CD4A500A86785 /* Debug */,
				B17475781B6CD4A500A86785 /* Release */,
			);
			defaultConfigurationIsVisible = 0;
			defaultConfigurationName = Release;
		};
		B17475B11B6CD4DE00A86785 /* Build configuration list for PBXNativeTarget "ESNotification_iOS" */ = {
			isa = XCConfigurationList;
			buildConfigurations = (
				B17475B21B6CD4DE00A86785 /* Debug */,
				B17475B31B6CD4DE00A86785 /* Release */,
			);
			defaultConfigurationIsVisible = 0;
			defaultConfigurationName = Release;
		};
		B17475B41B6CD4DE00A86785 /* Build configuration list for PBXNativeTarget "ESNotification_iOSTests" */ = {
			isa = XCConfigurationList;
			buildConfigurations = (
				B17475B51B6CD4DE00A86785 /* Debug */,
				B17475B61B6CD4DE00A86785 /* Release */,
			);
			defaultConfigurationIsVisible = 0;
			defaultConfigurationName = Release;
		};
		B17475CD1B6CD4EB00A86785 /* Build configuration list for PBXNativeTarget "ESNotification_OSX" */ = {
			isa = XCConfigurationList;
			buildConfigurations = (
				B17475CE1B6CD4EB00A86785 /* Debug */,
				B17475CF1B6CD4EB00A86785 /* Release */,
			);
			defaultConfigurationIsVisible = 0;
			defaultConfigurationName = Release;
		};
		B17475D01B6CD4EB00A86785 /* Build configuration list for PBXNativeTarget "ESNotification_OSXTests" */ = {
			isa = XCConfigurationList;
			buildConfigurations = (
				B17475D11B6CD4EB00A86785 /* Debug */,
				B17475D21B6CD4EB00A86785 /* Release */,
			);
			defaultConfigurationIsVisible = 0;
			defaultConfigurationName = Release;
		};
/* End XCConfigurationList section */
	};
	rootObject = B174755C1B6CD4A500A86785 /* Project object */;
}
